# Generated for CPython 3.12 / Windows x64 from PyPI wheel metadata.
# Regenerate only after reviewing dependency updates and their licenses.
# Install with: python -m pip install --require-hashes -r requirements-converter.lock

markitdown[pdf,docx,pptx,xlsx]==0.1.6 --hash=sha256:07b2d5bf87b5c53e13a9f2fdc440df8ccc85e26f40c1e557781727b700049775
pyinstaller==6.16.0 --hash=sha256:bc10eb1a787f99fea613509f55b902fbd2d8b73ff5f51ff245ea29a481d97d41
magika==0.6.3 --hash=sha256:e57f75674447b20cab4db928ae58ab264d7d8582b55183a0b876711c2b2787f3
mammoth==1.11.0 --hash=sha256:c077ab0d450bd7c0c6ecd529a23bf7e0fa8190c929e28998308ff4eada3f063b
cobble==0.1.4 --hash=sha256:36c91b1655e599fd428e2b95fdd5f0da1ca2e9f1abb0bc871dec21a0e78a2b44
onnxruntime==1.20.1 --hash=sha256:19c2d843eb074f385e8bbb753a40df780511061a63f9def1b216bf53860223fb
click==8.4.2 --hash=sha256:e6f9f66136c816745b9d65817da91d61d957fb16e02e4dcd0552553c5a197b76
numpy==2.5.1 --hash=sha256:f7d60026c0bdb1380e83bfa7a0419c4577ee4b9a08880afcb6dadeb74c649fa2
packaging==26.2 --hash=sha256:5fc45236b9446107ff2415ce77c807cee2862cb6fac22b8a73826d0693b0980e
pdfminer.six==20260107 --hash=sha256:366585ba97e80dffa8f00cebe303d2f381884d8637af4ce422f1df3ef38111a9
charset-normalizer==3.4.9 --hash=sha256:4b3dac63058cc36820b0dd072f89898604e2d39686fe05321729d00d8ac185a0
cryptography==49.0.0 --hash=sha256:e5dfc1e64de5677cec922ffa8da89c546d0415bf6efdf081842e5d44c84e1f0e
cffi==2.1.0 --hash=sha256:c97f080ea627e2863524c5af3836e2270b5f5dfff1f104392b959f8df0c5d384
pdfplumber==0.11.10 --hash=sha256:7741ea81bf165b474b153e6789d10d18e06b6ddcf3ec84289c3ef2fed6802580
pefile==2023.2.7 --hash=sha256:da185cd2af68c08a6cd4481f7325ed600a88f6a813bad9dea07ab3ef73d8d8d6
pillow==12.3.0 --hash=sha256:a2b55dd6b2a4c4b7d87ffa56bdb33fdc5fdb9a462173861a7bc097f17d91cb09
pyinstaller-hooks-contrib==2026.6 --hash=sha256:fd13b8ac126b35361175edacd41a0d97080b75dd5f4b594ecefefff969509dd3
pypdfium2==5.12.1 --hash=sha256:9609be73a6701a68f29dffe0335f7a2e4b3ba581542ed65d35d49f761a4600ca
python-dotenv==1.2.2 --hash=sha256:1d8214789a24de455a8b8bd8ae6fe3c6b69a5e3d64aa8a8e5d68e694bbcb285a
pywin32-ctypes==0.2.3 --hash=sha256:8a1513379d709975552d202d942d9837758905c8d01eb82b8bcc30918929e7b8
setuptools==83.0.0 --hash=sha256:29b23c360f22f414dc7336bb39178cc7bcbf6021ed2733cde173f09dba19abb3
altgraph==0.17.5 --hash=sha256:f3a22400bce1b0c701683820ac4f3b159cd301acab067c51c653e06961600597
beautifulsoup4==4.15.0 --hash=sha256:d6f88de62e1d4e38ecb1077eb9724cd0eff29d2a08ca16a401e9b9e93f117cf9
soupsieve==2.8.4 --hash=sha256:e7e6b0769c8f51ed59acab6e994b00621096cfb1c640a7509295987388fbaf65
typing_extensions==4.16.0 --hash=sha256:481caa481374e813c1b176ada14e97f1f67a4539ce9cfeb3f350d78d6370c2e8
colorama==0.4.6 --hash=sha256:4f1d9991f5acc0ca119f9d443620b77f9d6b33703e51011c16baf57afb285fc6
coloredlogs==15.0.1 --hash=sha256:612ee75c546f53e92e70049c9dbfcc18c935a2b9a53b66085ce9ef6a6e5c0934
humanfriendly==10.0 --hash=sha256:1697e1a8a8f550fd43c2865cd84542fc175a61dcb779b6fee18cf6b6ccba1477
defusedxml==0.7.1 --hash=sha256:a352e7e428770286cc899e2542b6cdaedb2b4953ff269a210103ec58f6198a61
flatbuffers==25.12.19 --hash=sha256:7634f50c427838bb021c2d66a3d1168e9d199b0607e6329399f04846d42e20b4
lxml==6.1.1 --hash=sha256:26e6eda8d38c1fcab1090dd196ee87cbd13788e531937610e2589085de074e77
markdownify==1.2.3 --hash=sha256:a189a0bedfd14009030fde5f85bb6f77c56897cb839b5c25315dd7d4e3e290ba
six==1.17.0 --hash=sha256:4721f391ed90541fddacab5acf947aa0d3dc7d27b2e1e8eda2be8970586c3274
openpyxl==3.1.5 --hash=sha256:5282c12b107bffeef825f4617dc029afaf41d0ea60823bbb665ef3079dc79de2
et_xmlfile==2.0.0 --hash=sha256:7a91720bc756843502c3b7504c77b8fe44217c85c537d85037f0f536151b2caa
pandas==3.0.3 --hash=sha256:c7be265b62cef88e253a941e4698604973736dcfe242fdb5198f0f7bc473cdcc
python-dateutil==2.9.0.post0 --hash=sha256:a8b2bc7bffae282281c8140a97d3aa9c14da0b136dfe83f850eea9a5f7470427
protobuf==7.35.1 --hash=sha256:230a75ddfc2de4806e56696ce9640c1cdfdb6543b7cfce98d42a4c0a0e7bdb87
pycparser==3.0 --hash=sha256:b727414169a36b7d524c1c3e31839a521725078d7b2ff038656844266160a992
pyreadline3==3.5.6 --hash=sha256:8449b734232e42a5dcd74048e39b60db2839a4c38cf3ae2bf7707d58b5389c0d
python-pptx==1.0.2 --hash=sha256:160838e0b8565a8b1f67947675886e9fea18aa5e795db7ae531606d68e785cba
xlsxwriter==3.2.9 --hash=sha256:9a5db42bc5dff014806c58a20b9eae7322a134abb6fce3c92c181bfb275ec5b3
requests==2.34.2 --hash=sha256:2a0d60c172f83ac6ab31e4554906c0f3b3588d37b5cb939b1c061f4907e278e0
idna==3.18 --hash=sha256:7f952cbe720b688055e3f87de14f5c3e5fdaa8bc3928985c4077ca689de849a2
urllib3==2.7.0 --hash=sha256:9fb4c81ebbb1ce9531cce37674bbc6f1360472bc18ca9a553ede278ef7276897
certifi==2026.6.17 --hash=sha256:2227dcbaafe0d2f59279d1762ddddc37783ed4354594f194ffc31d20f41fc3db
sympy==1.14.0 --hash=sha256:e091cc3e99d2141a0ba2847328f5479b05d94a6635cb96148ccb3f34671bd8f5
mpmath==1.3.0 --hash=sha256:a0b2b9fe80bbcd81a6647ff13108738cfb482d481d826cc0e02f5b35e5c88d2c
tzdata==2026.3 --hash=sha256:dc096730c87af6cab1b171c9d532be840741ff5d459015e7f6947bd7d7e54931
